
Microsoft Visual Studio Solution File, Format Version 12.00
# Visual Studio 15
VisualStudioVersion = 15.0.27428.2037
MinimumVisualStudioVersion = 10.0.40219.1
Project("{FAE04EC0-301F-11D3-BF4B-00C04F79EFBC}") = "ProjetoFinal2", "ProjetoFinal2\ProjetoFinal2.csproj", "{45390053-DD7F-4045-AC33-9BF32CF1744F}"
EndProject
Global
	GlobalSection(SolutionConfigurationPlatforms) = preSolution
		Debug|Any CPU = Debug|Any CPU
		Release|Any CPU = Release|Any CPU
	EndGlobalSection
	GlobalSection(ProjectConfigurationPlatforms) = postSolution
		{45390053-DD7F-4045-AC33-9BF32CF1744F}.Debug|Any CPU.ActiveCfg = Debug|Any CPU
		{45390053-DD7F-4045-AC33-9BF32CF1744F}.Debug|Any CPU.Build.0 = Debug|Any CPU
		{45390053-DD7F-4045-AC33-9BF32CF1744F}.Release|Any CPU.ActiveCfg = Release|Any CPU
		{45390053-DD7F-4045-AC33-9BF32CF1744F}.Release|Any CPU.Build.0 = Release|Any CPU
	EndGlobalSection
	GlobalSection(SolutionProperties) = preSolution
		HideSolutionNode = FALSE
	EndGlobalSection
	GlobalSection(ExtensibilityGlobals) = postSolution
		SolutionGuid = {27574F3A-D346-4ED9-9A16-0DFE39680F4E}
	EndGlobalSection
EndGlobal
